// !$*UTF8*$!
{
	archiveVersion = 1;
	classes = {
	};
	objectVersion = 46;
	objects = {

/* Begin PBXBuildFile section */
		9446280A1F159347000AB814 /* AppDelegate.swift in Sources */ = {isa = PBXBuildFile; fileRef = 944628091F159347000AB814 /* AppDelegate.swift */; };
		9446280C1F159347000AB814 /* ViewController.swift in Sources */ = {isa = PBXBuildFile; fileRef = 9446280B1F159347000AB814 /* ViewController.swift */; };
		9446280F1F159347000AB814 /* Main.storyboard in Resources */ = {isa = PBXBuildFile; fileRef = 9446280D1F159347000AB814 /* Main.storyboard */; };
		944628111F159347000AB814 /* Assets.xcassets in Resources */ = {isa = PBXBuildFile; fileRef = 944628101F159347000AB814 /* Assets.xcassets */; };
		944628141F159347000AB814 /* LaunchScreen.storyboard in Resources */ = {isa = PBXBuildFile; fileRef = 944628121F159347000AB814 /* LaunchScreen.storyboard */; };
		9446281C1F159A77000AB814 /* EcryptDecryptClass.swift in Sources */ = {isa = PBXBuildFile; fileRef = 9446281B1F159A77000AB814 /* EcryptDecryptClass.swift */; };
/* End PBXBuildFile section */

/* Begin PBXFileReference section */
		944628061F159347000AB814 /* Encrypt Any Text.app */ = {isa = PBXFileReference; explicitFileType = wrapper.application; includeInIndex = 0; path = "Encrypt Any Text.app"; sourceTree = BUILT_PRODUCTS_DIR; };
		944628091F159347000AB814 /* AppDelegate.swift */ = {isa = PBXFileReference; lastKnownFileType = sourcecode.swift; path = AppDelegate.swift; sourceTree = "<group>"; };
		9446280B1F159347000AB814 /* ViewController.swift */ = {isa = PBXFileReference; lastKnownFileType = sourcecode.swift; path = ViewController.swift; sourceTree = "<group>"; };
		9446280E1F159347000AB814 /* Base */ = {isa = PBXFileReference; lastKnownFileType = file.storyboard; name = Base; path = Base.lproj/Main.storyboard; sourceTree = "<group>"; };
		944628101F159347000AB814 /* Assets.xcassets */ = {isa = PBXFileReference; lastKnownFileType = folder.assetcatalog; path = Assets.xcassets; sourceTree = "<group>"; };
		944628131F159347000AB814 /* Base */ = {isa = PBXFileReference; lastKnownFileType = file.storyboard; name = Base; path = Base.lproj/LaunchScreen.storyboard; sourceTree = "<group>"; };
		944628151F159348000AB814 /* Info.plist */ = {isa = PBXFileReference; lastKnownFileType = text.plist.xml; path = Info.plist; sourceTree = "<group>"; };
		9446281B1F159A77000AB814 /* EcryptDecryptClass.swift */ = {isa = PBXFileReference; fileEncoding = 4; lastKnownFileType = sourcecode.swift; path = EcryptDecryptClass.swift; sourceTree = "<group>"; };
/* End PBXFileReference section */

/* Begin PBXFrameworksBuildPhase section */
		944628031F159347000AB814 /* Frameworks */ = {
			isa = PBXFrameworksBuildPhase;
			buildActionMask = 2147483647;
			files = (
			);
			runOnlyForDeploymentPostprocessing = 0;
		};
/* End PBXFrameworksBuildPhase section */

/* Begin PBXGroup section */
		944627FD1F159347000AB814 = {
			isa = PBXGroup;
			children = (
				944628081F159347000AB814 /* Encrypt Any Text */,
				944628071F159347000AB814 /* Products */,
			);
			sourceTree = "<group>";
		};
		944628071F159347000AB814 /* Products */ = {
			isa = PBXGroup;
			children = (
				944628061F159347000AB814 /* Encrypt Any Text.app */,
			);
			name = Products;
			sourceTree = "<group>";
		};
		944628081F159347000AB814 /* Encrypt Any Text */ = {
			isa = PBXGroup;
			children = (
				944628091F159347000AB814 /* AppDelegate.swift */,
				9446280B1F159347000AB814 /* ViewController.swift */,
				9446280D1F159347000AB814 /* Main.storyboard */,
				9446281B1F159A77000AB814 /* EcryptDecryptClass.swift */,
				944628101F159347000AB814 /* Assets.xcassets */,
				944628121F159347000AB814 /* LaunchScreen.storyboard */,
				944628151F159348000AB814 /* Info.plist */,
			);
			path = "Encrypt Any Text";
			sourceTree = "<group>";
		};
/* End PBXGroup section */

/* Begin PBXNativeTarget section */
		944628051F159347000AB814 /* Encrypt Any Text */ = {
			isa = PBXNativeTarget;
			buildConfigurationList = 944628181F159348000AB814 /* Build configuration list for PBXNativeTarget "Encrypt Any Text" */;
			buildPhases = (
				944628021F159347000AB814 /* Sources */,
				944628031F159347000AB814 /* Frameworks */,
				944628041F159347000AB814 /* Resources */,
			);
			buildRules = (
			);
			dependencies = (
			);
			name = "Encrypt Any Text";
			productName = "Encrypt Any Text";
			productReference = 944628061F159347000AB814 /* Encrypt Any Text.app */;
			productType = "com.apple.product-type.application";
		};
/* End PBXNativeTarget section */

/* Begin PBXProject section */
		944627FE1F159347000AB814 /* Project object */ = {
			isa = PBXProject;
			attributes = {
				LastSwiftUpdateCheck = 0830;
				LastUpgradeCheck = 0830;
				ORGANIZATIONNAME = com.idtech.daniel;
				TargetAttributes = {
					944628051F159347000AB814 = {
						CreatedOnToolsVersion = 8.3.1;
						DevelopmentTeam = Y286S9WA55;
						ProvisioningStyle = Automatic;
					};
				};
			};
			buildConfigurationList = 944628011F159347000AB814 /* Build configuration list for PBXProject "Encrypt Any Text" */;
			compatibilityVersion = "Xcode 3.2";
			developmentRegion = English;
			hasScannedForEncodings = 0;
			knownRegions = (
				en,
				Base,
			);
			mainGroup = 944627FD1F159347000AB814;
			productRefGroup = 944628071F159347000AB814 /* Products */;
			projectDirPath = "";
			projectRoot = "";
			targets = (
				944628051F159347000AB814 /* Encrypt Any Text */,
			);
		};
/* End PBXProject section */

/* Begin PBXResourcesBuildPhase section */
		944628041F159347000AB814 /* Resources */ = {
			isa = PBXResourcesBuildPhase;
			buildActionMask = 2147483647;
			files = (
				944628141F159347000AB814 /* LaunchScreen.storyboard in Resources */,
				944628111F159347000AB814 /* Assets.xcassets in Resources */,
				9446280F1F159347000AB814 /* Main.storyboard in Resources */,
			);
			runOnlyForDeploymentPostprocessing = 0;
		};
/* End PBXResourcesBuildPhase section */

/* Begin PBXSourcesBuildPhase section */
		944628021F159347000AB814 /* Sources */ = {
			isa = PBXSourcesBuildPhase;
			buildActionMask = 2147483647;
			files = (
				9446281C1F159A77000AB814 /* EcryptDecryptClass.swift in Sources */,
				9446280C1F159347000AB814 /* ViewController.swift in Sources */,
				9446280A1F159347000AB814 /* AppDelegate.swift in Sources */,
			);
			runOnlyForDeploymentPostprocessing = 0;
		};
/* End PBXSourcesBuildPhase section */

/* Begin PBXVariantGroup section */
		9446280D1F159347000AB814 /* Main.storyboard */ = {
			isa = PBXVariantGroup;
			children = (
				9446280E1F159347000AB814 /* Base */,
			);
			name = Main.storyboard;
			sourceTree = "<group>";
		};
		944628121F159347000AB814 /* LaunchScreen.storyboard */ = {
			isa = PBXVariantGroup;
			children = (
				944628131F159347000AB814 /* Base */,
			);
			name = LaunchScreen.storyboard;
			sourceTree = "<group>";
		};
/* End PBXVariantGroup section */

/* Begin XCBuildConfiguration section */
		944628161F159348000AB814 /* Debug */ = {
			isa = XCBuildConfiguration;
			buildSettings = {
				ALWAYS_SEARCH_USER_PATHS = NO;
				CLANG_ANALYZER_NONNULL = YES;
				CLANG_ANALYZER_NUMBER_OBJECT_CONVERSION = YES_AGGRESSIVE;
				CLANG_CXX_LANGUAGE_STANDARD = "gnu++0x";
				CLANG_CXX_LIBRARY = "libc++";
				CLANG_ENABLE_MODULES = YES;
				CLANG_ENABLE_OBJC_ARC = YES;
				CLANG_WARN_BOOL_CONVERSION = YES;
				CLANG_WARN_CONSTANT_CONVERSION = YES;
				CLANG_WARN_DIRECT_OBJC_ISA_USAGE = YES_ERROR;
				CLANG_WARN_DOCUMENTATION_COMMENTS = YES;
				CLANG_WARN_EMPTY_BODY = YES;
				CLANG_WARN_ENUM_CONVERSION = YES;
				CLANG_WARN_INFINITE_RECURSION = YES;
				CLANG_WARN_INT_CONVERSION = YES;
				CLANG_WARN_OBJC_ROOT_CLASS = YES_ERROR;
				CLANG_WARN_SUSPICIOUS_MOVE = YES;
				CLANG_WARN_UNREACHABLE_CODE = YES;
				CLANG_WARN__DUPLICATE_METHOD_MATCH = YES;
				"CODE_SIGN_IDENTITY[sdk=iphoneos*]" = "iPhone Developer";
				COPY_PHASE_STRIP = NO;
				DEBUG_INFORMATION_FORMAT = dwarf;
				ENABLE_STRICT_OBJC_MSGSEND = YES;
				ENABLE_TESTABILITY = YES;
				GCC_C_LANGUAGE_STANDARD = gnu99;
				GCC_DYNAMIC_NO_PIC = NO;
				GCC_NO_COMMON_BLOCKS = YES;
				GCC_OPTIMIZATION_LEVEL = 0;
				GCC_PREPROCESSOR_DEFINITIONS = (
					"DEBUG=1",
					"$(inherited)",
				);
				GCC_WARN_64_TO_32_BIT_CONVERSION = YES;
				GCC_WARN_ABOUT_RETURN_TYPE = YES_ERROR;
				GCC_WARN_UNDECLARED_SELECTOR = YES;
				GCC_WARN_UNINITIALIZED_AUTOS = YES_AGGRESSIVE;
				GCC_WARN_UNUSED_FUNCTION = YES;
				GCC_WARN_UNUSED_VARIABLE = YES;
				IPHONEOS_DEPLOYMENT_TARGET = 10.3;
				MTL_ENABLE_DEBUG_INFO = YES;
				ONLY_ACTIVE_ARCH = YES;
				SDKROOT = iphoneos;
				SWIFT_ACTIVE_COMPILATION_CONDITIONS = DEBUG;
				SWIFT_OPTIMIZATION_LEVEL = "-Onone";
				TARGETED_DEVICE_FAMILY = "1,2";
			};
			name = Debug;
		};
		944628171F159348000AB814 /* Release */ = {
			isa = XCBuildConfiguration;
			buildSettings = {
				ALWAYS_SEARCH_USER_PATHS = NO;
				CLANG_ANALYZER_NONNULL = YES;
				CLANG_ANALYZER_NUMBER_OBJECT_CONVERSION = YES_AGGRESSIVE;
				CLANG_CXX_LANGUAGE_STANDARD = "gnu++0x";
				CLANG_CXX_LIBRARY = "libc++";
				CLANG_ENABLE_MODULES = YES;
				CLANG_ENABLE_OBJC_ARC = YES;
				CLANG_WARN_BOOL_CONVERSION = YES;
				CLANG_WARN_CONSTANT_CONVERSION = YES;
				CLANG_WARN_DIRECT_OBJC_ISA_USAGE = YES_ERROR;
				CLANG_WARN_DOCUMENTATION_COMMENTS = YES;
				CLANG_WARN_EMPTY_BODY = YES;
				CLANG_WARN_ENUM_CONVERSION = YES;
				CLANG_WARN_INFINITE_RECURSION = YES;
				CLANG_WARN_INT_CONVERSION = YES;
				CLANG_WARN_OBJC_ROOT_CLASS = YES_ERROR;
				CLANG_WARN_SUSPICIOUS_MOVE = YES;
				CLANG_WARN_UNREACHABLE_CODE = YES;
				CLANG_WARN__DUPLICATE_METHOD_MATCH = YES;
				"CODE_SIGN_IDENTITY[sdk=iphoneos*]" = "iPhone Developer";
				COPY_PHASE_STRIP = NO;
				DEBUG_INFORMATION_FORMAT = "dwarf-with-dsym";
				ENABLE_NS_ASSERTIONS = NO;
				ENABLE_STRICT_OBJC_MSGSEND = YES;
				GCC_C_LANGUAGE_STANDARD = gnu99;
				GCC_NO_COMMON_BLOCKS = YES;
				GCC_WARN_64_TO_32_BIT_CONVERSION = YES;
				GCC_WARN_ABOUT_RETURN_TYPE = YES_ERROR;
				GCC_WARN_UNDECLARED_SELECTOR = YES;
				GCC_WARN_UNINITIALIZED_AUTOS = YES_AGGRESSIVE;
				GCC_WARN_UNUSED_FUNCTION = YES;
				GCC_WARN_UNUSED_VARIABLE = YES;
				IPHONEOS_DEPLOYMENT_TARGET = 10.3;
				MTL_ENABLE_DEBUG_INFO = NO;
				SDKROOT = iphoneos;
				SWIFT_OPTIMIZATION_LEVEL = "-Owholemodule";
				TARGETED_DEVICE_FAMILY = "1,2";
				VALIDATE_PRODUCT = YES;
			};
			name = Release;
		};
		944628191F159348000AB814 /* Debug */ = {
			isa = XCBuildConfiguration;
			buildSettings = {
				ASSETCATALOG_COMPILER_APPICON_NAME = AppIcon;
				DEVELOPMENT_TEAM = Y286S9WA55;
				INFOPLIST_FILE = "Encrypt Any Text/Info.plist";
				LD_RUNPATH_SEARCH_PATHS = "$(inherited) @executable_path/Frameworks";
				PRODUCT_BUNDLE_IDENTIFIER = "com.id.daniel.Encrypt-Any-Text";
				PRODUCT_NAME = "$(TARGET_NAME)";
				SWIFT_VERSION = 3.0;
			};
			name = Debug;
		};
		9446281A1F159348000AB814 /* Release */ = {
			isa = XCBuildConfiguration;
			buildSettings = {
				ASSETCATALOG_COMPILER_APPICON_NAME = AppIcon;
				DEVELOPMENT_TEAM = Y286S9WA55;
				INFOPLIST_FILE = "Encrypt Any Text/Info.plist";
				LD_RUNPATH_SEARCH_PATHS = "$(inherited) @executable_path/Frameworks";
				PRODUCT_BUNDLE_IDENTIFIER = "com.id.daniel.Encrypt-Any-Text";
				PRODUCT_NAME = "$(TARGET_NAME)";
				SWIFT_VERSION = 3.0;
			};
			name = Release;
		};
/* End XCBuildConfiguration section */

/* Begin XCConfigurationList section */
		944628011F159347000AB814 /* Build configuration list for PBXProject "Encrypt Any Text" */ = {
			isa = XCConfigurationList;
			buildConfigurations = (
				944628161F159348000AB814 /* Debug */,
				944628171F159348000AB814 /* Release */,
			);
			defaultConfigurationIsVisible = 0;
			defaultConfigurationName = Release;
		};
		944628181F159348000AB814 /* Build configuration list for PBXNativeTarget "Encrypt Any Text" */ = {
			isa = XCConfigurationList;
			buildConfigurations = (
				944628191F159348000AB814 /* Debug */,
				9446281A1F159348000AB814 /* Release */,
			);
			defaultConfigurationIsVisible = 0;
			defaultConfigurationName = Release;
		};
/* End XCConfigurationList section */
	};
	rootObject = 944627FE1F159347000AB814 /* Project object */;
}
